// !$*UTF8*$!
{
	archiveVersion = 1;
	classes = {
	};
	objectVersion = 46;
	objects = {

/* Begin PBXBuildFile section */
		3131C7D51B2965C90082359D /* main.m in Sources */ = {isa = PBXBuildFile; fileRef = 3131C7D41B2965C90082359D /* main.m */; };
		3131C7D81B2965C90082359D /* AppDelegate.m in Sources */ = {isa = PBXBuildFile; fileRef = 3131C7D71B2965C90082359D /* AppDelegate.m */; };
		3131C7DB1B2965C90082359D /* ViewController.m in Sources */ = {isa = PBXBuildFile; fileRef = 3131C7DA1B2965C90082359D /* ViewController.m */; };
		3131C7DE1B2965C90082359D /* Main.storyboard in Resources */ = {isa = PBXBuildFile; fileRef = 3131C7DC1B2965C90082359D /* Main.storyboard */; };
		3131C7E01B2965C90082359D /* Images.xcassets in Resources */ = {isa = PBXBuildFile; fileRef = 3131C7DF1B2965C90082359D /* Images.xcassets */; };
		3131C7E31B2965C90082359D /* LaunchScreen.xib in Resources */ = {isa = PBXBuildFile; fileRef = 3131C7E11B2965C90082359D /* LaunchScreen.xib */; };
		3131C7EF1B2965C90082359D /* StoryBoardTests.m in Sources */ = {isa = PBXBuildFile; fileRef = 3131C7EE1B2965C90082359D /* StoryBoardTests.m */; };
		31FB0D091B296FAB0027D909 /* CoupleTime.xcassets in Resources */ = {isa = PBXBuildFile; fileRef = 31FB0D031B296FAB0027D909 /* CoupleTime.xcassets */; };
		31FB0D0A1B296FAB0027D909 /* General.xcassets in Resources */ = {isa = PBXBuildFile; fileRef = 31FB0D041B296FAB0027D909 /* General.xcassets */; };
		31FB0D0B1B296FAB0027D909 /* Home.xcassets in Resources */ = {isa = PBXBuildFile; fileRef = 31FB0D051B296FAB0027D909 /* Home.xcassets */; };
		31FB0D0C1B296FAB0027D909 /* Images.xcassets in Resources */ = {isa = PBXBuildFile; fileRef = 31FB0D061B296FAB0027D909 /* Images.xcassets */; };
		31FB0D0D1B296FAB0027D909 /* Registration.xcassets in Resources */ = {isa = PBXBuildFile; fileRef = 31FB0D071B296FAB0027D909 /* Registration.xcassets */; };
		31FB0D0E1B296FAB0027D909 /* Reminder.xcassets in Resources */ = {isa = PBXBuildFile; fileRef = 31FB0D081B296FAB0027D909 /* Reminder.xcassets */; };
		31FB0D171B2975530027D909 /* RegistrationTableViewCell.m in Sources */ = {isa = PBXBuildFile; fileRef = 31FB0D161B2975530027D909 /* RegistrationTableViewCell.m */; };
/* End PBXBuildFile section */

/* Begin PBXContainerItemProxy section */
		3131C7E91B2965C90082359D /* PBXContainerItemProxy */ = {
			isa = PBXContainerItemProxy;
			containerPortal = 3131C7C71B2965C80082359D /* Project object */;
			proxyType = 1;
			remoteGlobalIDString = 3131C7CE1B2965C80082359D;
			remoteInfo = StoryBoard;
		};
/* End PBXContainerItemProxy section */

/* Begin PBXFileReference section */
		3131C7CF1B2965C80082359D /* StoryBoard.app */ = {isa = PBXFileReference; explicitFileType = wrapper.application; includeInIndex = 0; path = StoryBoard.app; sourceTree = BUILT_PRODUCTS_DIR; };
		3131C7D31B2965C90082359D /* Info.plist */ = {isa = PBXFileReference; lastKnownFileType = text.plist.xml; path = Info.plist; sourceTree = "<group>"; };
		3131C7D41B2965C90082359D /* main.m */ = {isa = PBXFileReference; lastKnownFileType = sourcecode.c.objc; path = main.m; sourceTree = "<group>"; };
		3131C7D61B2965C90082359D /* AppDelegate.h */ = {isa = PBXFileReference; lastKnownFileType = sourcecode.c.h; path = AppDelegate.h; sourceTree = "<group>"; };
		3131C7D71B2965C90082359D /* AppDelegate.m */ = {isa = PBXFileReference; lastKnownFileType = sourcecode.c.objc; path = AppDelegate.m; sourceTree = "<group>"; };
		3131C7D91B2965C90082359D /* ViewController.h */ = {isa = PBXFileReference; lastKnownFileType = sourcecode.c.h; path = ViewController.h; sourceTree = "<group>"; };
		3131C7DA1B2965C90082359D /* ViewController.m */ = {isa = PBXFileReference; lastKnownFileType = sourcecode.c.objc; path = ViewController.m; sourceTree = "<group>"; };
		3131C7DD1B2965C90082359D /* Base */ = {isa = PBXFileReference; lastKnownFileType = file.storyboard; name = Base; path = Base.lproj/Main.storyboard; sourceTree = "<group>"; };
		3131C7DF1B2965C90082359D /* Images.xcassets */ = {isa = PBXFileReference; lastKnownFileType = folder.assetcatalog; path = Images.xcassets; sourceTree = "<group>"; };
		3131C7E21B2965C90082359D /* Base */ = {isa = PBXFileReference; lastKnownFileType = file.xib; name = Base; path = Base.lproj/LaunchScreen.xib; sourceTree = "<group>"; };
		3131C7E81B2965C90082359D /* StoryBoardTests.xctest */ = {isa = PBXFileReference; explicitFileType = wrapper.cfbundle; includeInIndex = 0; path = StoryBoardTests.xctest; sourceTree = BUILT_PRODUCTS_DIR; };
		3131C7ED1B2965C90082359D /* Info.plist */ = {isa = PBXFileReference; lastKnownFileType = text.plist.xml; path = Info.plist; sourceTree = "<group>"; };
		3131C7EE1B2965C90082359D /* StoryBoardTests.m */ = {isa = PBXFileReference; lastKnownFileType = sourcecode.c.objc; path = StoryBoardTests.m; sourceTree = "<group>"; };
		31FB0D031B296FAB0027D909 /* CoupleTime.xcassets */ = {isa = PBXFileReference; lastKnownFileType = folder.assetcatalog; path = CoupleTime.xcassets; sourceTree = "<group>"; };
		31FB0D041B296FAB0027D909 /* General.xcassets */ = {isa = PBXFileReference; lastKnownFileType = folder.assetcatalog; path = General.xcassets; sourceTree = "<group>"; };
		31FB0D051B296FAB0027D909 /* Home.xcassets */ = {isa = PBXFileReference; lastKnownFileType = folder.assetcatalog; path = Home.xcassets; sourceTree = "<group>"; };
		31FB0D061B296FAB0027D909 /* Images.xcassets */ = {isa = PBXFileReference; lastKnownFileType = folder.assetcatalog; path = Images.xcassets; sourceTree = "<group>"; };
		31FB0D071B296FAB0027D909 /* Registration.xcassets */ = {isa = PBXFileReference; lastKnownFileType = folder.assetcatalog; path = Registration.xcassets; sourceTree = "<group>"; };
		31FB0D081B296FAB0027D909 /* Reminder.xcassets */ = {isa = PBXFileReference; lastKnownFileType = folder.assetcatalog; path = Reminder.xcassets; sourceTree = "<group>"; };
		31FB0D151B2975530027D909 /* RegistrationTableViewCell.h */ = {isa = PBXFileReference; fileEncoding = 4; lastKnownFileType = sourcecode.c.h; path = RegistrationTableViewCell.h; sourceTree = "<group>"; };
		31FB0D161B2975530027D909 /* RegistrationTableViewCell.m */ = {isa = PBXFileReference; fileEncoding = 4; lastKnownFileType = sourcecode.c.objc; path = RegistrationTableViewCell.m; sourceTree = "<group>"; };
/* End PBXFileReference section */

/* Begin PBXFrameworksBuildPhase section */
		3131C7CC1B2965C80082359D /* Frameworks */ = {
			isa = PBXFrameworksBuildPhase;
			buildActionMask = 2147483647;
			files = (
			);
			runOnlyForDeploymentPostprocessing = 0;
		};
		3131C7E51B2965C90082359D /* Frameworks */ = {
			isa = PBXFrameworksBuildPhase;
			buildActionMask = 2147483647;
			files = (
			);
			runOnlyForDeploymentPostprocessing = 0;
		};
/* End PBXFrameworksBuildPhase section */

/* Begin PBXGroup section */
		3131C7C61B2965C80082359D = {
			isa = PBXGroup;
			children = (
				3131C7D11B2965C80082359D /* StoryBoard */,
				3131C7EB1B2965C90082359D /* StoryBoardTests */,
				3131C7D01B2965C80082359D /* Products */,
			);
			sourceTree = "<group>";
		};
		3131C7D01B2965C80082359D /* Products */ = {
			isa = PBXGroup;
			children = (
				3131C7CF1B2965C80082359D /* StoryBoard.app */,
				3131C7E81B2965C90082359D /* StoryBoardTests.xctest */,
			);
			name = Products;
			sourceTree = "<group>";
		};
		3131C7D11B2965C80082359D /* StoryBoard */ = {
			isa = PBXGroup;
			children = (
				31FB0D0F1B2972D50027D909 /* RegistrationCell */,
				3131C7D61B2965C90082359D /* AppDelegate.h */,
				3131C7D71B2965C90082359D /* AppDelegate.m */,
				3131C7D91B2965C90082359D /* ViewController.h */,
				3131C7DA1B2965C90082359D /* ViewController.m */,
				3131C7DC1B2965C90082359D /* Main.storyboard */,
				3131C7DF1B2965C90082359D /* Images.xcassets */,
				3131C7E11B2965C90082359D /* LaunchScreen.xib */,
				3131C7D21B2965C90082359D /* Supporting Files */,
			);
			path = StoryBoard;
			sourceTree = "<group>";
		};
		3131C7D21B2965C90082359D /* Supporting Files */ = {
			isa = PBXGroup;
			children = (
				31FB0D021B296FAB0027D909 /* Assets */,
				3131C7D31B2965C90082359D /* Info.plist */,
				3131C7D41B2965C90082359D /* main.m */,
			);
			name = "Supporting Files";
			sourceTree = "<group>";
		};
		3131C7EB1B2965C90082359D /* StoryBoardTests */ = {
			isa = PBXGroup;
			children = (
				3131C7EE1B2965C90082359D /* StoryBoardTests.m */,
				3131C7EC1B2965C90082359D /* Supporting Files */,
			);
			path = StoryBoardTests;
			sourceTree = "<group>";
		};
		3131C7EC1B2965C90082359D /* Supporting Files */ = {
			isa = PBXGroup;
			children = (
				3131C7ED1B2965C90082359D /* Info.plist */,
			);
			name = "Supporting Files";
			sourceTree = "<group>";
		};
		31FB0D021B296FAB0027D909 /* Assets */ = {
			isa = PBXGroup;
			children = (
				31FB0D031B296FAB0027D909 /* CoupleTime.xcassets */,
				31FB0D041B296FAB0027D909 /* General.xcassets */,
				31FB0D051B296FAB0027D909 /* Home.xcassets */,
				31FB0D061B296FAB0027D909 /* Images.xcassets */,
				31FB0D071B296FAB0027D909 /* Registration.xcassets */,
				31FB0D081B296FAB0027D909 /* Reminder.xcassets */,
			);
			path = Assets;
			sourceTree = "<group>";
		};
		31FB0D0F1B2972D50027D909 /* RegistrationCell */ = {
			isa = PBXGroup;
			children = (
				31FB0D151B2975530027D909 /* RegistrationTableViewCell.h */,
				31FB0D161B2975530027D909 /* RegistrationTableViewCell.m */,
			);
			name = RegistrationCell;
			sourceTree = "<group>";
		};
/* End PBXGroup section */

/* Begin PBXNativeTarget section */
		3131C7CE1B2965C80082359D /* StoryBoard */ = {
			isa = PBXNativeTarget;
			buildConfigurationList = 3131C7F21B2965C90082359D /* Build configuration list for PBXNativeTarget "StoryBoard" */;
			buildPhases = (
				3131C7CB1B2965C80082359D /* Sources */,
				3131C7CC1B2965C80082359D /* Frameworks */,
				3131C7CD1B2965C80082359D /* Resources */,
			);
			buildRules = (
			);
			dependencies = (
			);
			name = StoryBoard;
			productName = StoryBoard;
			productReference = 3131C7CF1B2965C80082359D /* StoryBoard.app */;
			productType = "com.apple.product-type.application";
		};
		3131C7E71B2965C90082359D /* StoryBoardTests */ = {
			isa = PBXNativeTarget;
			buildConfigurationList = 3131C7F51B2965C90082359D /* Build configuration list for PBXNativeTarget "StoryBoardTests" */;
			buildPhases = (
				3131C7E41B2965C90082359D /* Sources */,
				3131C7E51B2965C90082359D /* Frameworks */,
				3131C7E61B2965C90082359D /* Resources */,
			);
			buildRules = (
			);
			dependencies = (
				3131C7EA1B2965C90082359D /* PBXTargetDependency */,
			);
			name = StoryBoardTests;
			productName = StoryBoardTests;
			productReference = 3131C7E81B2965C90082359D /* StoryBoardTests.xctest */;
			productType = "com.apple.product-type.bundle.unit-test";
		};
/* End PBXNativeTarget section */

/* Begin PBXProject section */
		3131C7C71B2965C80082359D /* Project object */ = {
			isa = PBXProject;
			attributes = {
				LastUpgradeCheck = 0630;
				ORGANIZATIONNAME = Putitout;
				TargetAttributes = {
					3131C7CE1B2965C80082359D = {
						CreatedOnToolsVersion = 6.3.2;
					};
					3131C7E71B2965C90082359D = {
						CreatedOnToolsVersion = 6.3.2;
						TestTargetID = 3131C7CE1B2965C80082359D;
					};
				};
			};
			buildConfigurationList = 3131C7CA1B2965C80082359D /* Build configuration list for PBXProject "StoryBoard" */;
			compatibilityVersion = "Xcode 3.2";
			developmentRegion = English;
			hasScannedForEncodings = 0;
			knownRegions = (
				en,
				Base,
			);
			mainGroup = 3131C7C61B2965C80082359D;
			productRefGroup = 3131C7D01B2965C80082359D /* Products */;
			projectDirPath = "";
			projectRoot = "";
			targets = (
				3131C7CE1B2965C80082359D /* StoryBoard */,
				3131C7E71B2965C90082359D /* StoryBoardTests */,
			);
		};
/* End PBXProject section */

/* Begin PBXResourcesBuildPhase section */
		3131C7CD1B2965C80082359D /* Resources */ = {
			isa = PBXResourcesBuildPhase;
			buildActionMask = 2147483647;
			files = (
				31FB0D0A1B296FAB0027D909 /* General.xcassets in Resources */,
				3131C7DE1B2965C90082359D /* Main.storyboard in Resources */,
				31FB0D0C1B296FAB0027D909 /* Images.xcassets in Resources */,
				31FB0D0B1B296FAB0027D909 /* Home.xcassets in Resources */,
				31FB0D0D1B296FAB0027D909 /* Registration.xcassets in Resources */,
				3131C7E31B2965C90082359D /* LaunchScreen.xib in Resources */,
				31FB0D091B296FAB0027D909 /* CoupleTime.xcassets in Resources */,
				31FB0D0E1B296FAB0027D909 /* Reminder.xcassets in Resources */,
				3131C7E01B2965C90082359D /* Images.xcassets in Resources */,
			);
			runOnlyForDeploymentPostprocessing = 0;
		};
		3131C7E61B2965C90082359D /* Resources */ = {
			isa = PBXResourcesBuildPhase;
			buildActionMask = 2147483647;
			files = (
			);
			runOnlyForDeploymentPostprocessing = 0;
		};
/* End PBXResourcesBuildPhase section */

/* Begin PBXSourcesBuildPhase section */
		3131C7CB1B2965C80082359D /* Sources */ = {
			isa = PBXSourcesBuildPhase;
			buildActionMask = 2147483647;
			files = (
				31FB0D171B2975530027D909 /* RegistrationTableViewCell.m in Sources */,
				3131C7DB1B2965C90082359D /* ViewController.m in Sources */,
				3131C7D81B2965C90082359D /* AppDelegate.m in Sources */,
				3131C7D51B2965C90082359D /* main.m in Sources */,
			);
			runOnlyForDeploymentPostprocessing = 0;
		};
		3131C7E41B2965C90082359D /* Sources */ = {
			isa = PBXSourcesBuildPhase;
			buildActionMask = 2147483647;
			files = (
				3131C7EF1B2965C90082359D /* StoryBoardTests.m in Sources */,
			);
			runOnlyForDeploymentPostprocessing = 0;
		};
/* End PBXSourcesBuildPhase section */

/* Begin PBXTargetDependency section */
		3131C7EA1B2965C90082359D /* PBXTargetDependency */ = {
			isa = PBXTargetDependency;
			target = 3131C7CE1B2965C80082359D /* StoryBoard */;
			targetProxy = 3131C7E91B2965C90082359D /* PBXContainerItemProxy */;
		};
/* End PBXTargetDependency section */

/* Begin PBXVariantGroup section */
		3131C7DC1B2965C90082359D /* Main.storyboard */ = {
			isa = PBXVariantGroup;
			children = (
				3131C7DD1B2965C90082359D /* Base */,
			);
			name = Main.storyboard;
			sourceTree = "<group>";
		};
		3131C7E11B2965C90082359D /* LaunchScreen.xib */ = {
			isa = PBXVariantGroup;
			children = (
				3131C7E21B2965C90082359D /* Base */,
			);
			name = LaunchScreen.xib;
			sourceTree = "<group>";
		};
/* End PBXVariantGroup section */

/* Begin XCBuildConfiguration section */
		3131C7F01B2965C90082359D /* Debug */ = {
			isa = XCBuildConfiguration;
			buildSettings = {
				ALWAYS_SEARCH_USER_PATHS = NO;
				CLANG_CXX_LANGUAGE_STANDARD = "gnu++0x";
				CLANG_CXX_LIBRARY = "libc++";
				CLANG_ENABLE_MODULES = YES;
				CLANG_ENABLE_OBJC_ARC = YES;
				CLANG_WARN_BOOL_CONVERSION = YES;
				CLANG_WARN_CONSTANT_CONVERSION = YES;
				CLANG_WARN_DIRECT_OBJC_ISA_USAGE = YES_ERROR;
				CLANG_WARN_EMPTY_BODY = YES;
				CLANG_WARN_ENUM_CONVERSION = YES;
				CLANG_WARN_INT_CONVERSION = YES;
				CLANG_WARN_OBJC_ROOT_CLASS = YES_ERROR;
				CLANG_WARN_UNREACHABLE_CODE = YES;
				CLANG_WARN__DUPLICATE_METHOD_MATCH = YES;
				"CODE_SIGN_IDENTITY[sdk=iphoneos*]" = "iPhone Developer";
				COPY_PHASE_STRIP = NO;
				DEBUG_INFORMATION_FORMAT = "dwarf-with-dsym";
				ENABLE_STRICT_OBJC_MSGSEND = YES;
				GCC_C_LANGUAGE_STANDARD = gnu99;
				GCC_DYNAMIC_NO_PIC = NO;
				GCC_NO_COMMON_BLOCKS = YES;
				GCC_OPTIMIZATION_LEVEL = 0;
				GCC_PREPROCESSOR_DEFINITIONS = (
					"DEBUG=1",
					"$(inherited)",
				);
				GCC_SYMBOLS_PRIVATE_EXTERN = NO;
				GCC_WARN_64_TO_32_BIT_CONVERSION = YES;
				GCC_WARN_ABOUT_RETURN_TYPE = YES_ERROR;
				GCC_WARN_UNDECLARED_SELECTOR = YES;
				GCC_WARN_UNINITIALIZED_AUTOS = YES_AGGRESSIVE;
				GCC_WARN_UNUSED_FUNCTION = YES;
				GCC_WARN_UNUSED_VARIABLE = YES;
				IPHONEOS_DEPLOYMENT_TARGET = 8.3;
				MTL_ENABLE_DEBUG_INFO = YES;
				ONLY_ACTIVE_ARCH = YES;
				SDKROOT = iphoneos;
			};
			name = Debug;
		};
		3131C7F11B2965C90082359D /* Release */ = {
			isa = XCBuildConfiguration;
			buildSettings = {
				ALWAYS_SEARCH_USER_PATHS = NO;
				CLANG_CXX_LANGUAGE_STANDARD = "gnu++0x";
				CLANG_CXX_LIBRARY = "libc++";
				CLANG_ENABLE_MODULES = YES;
				CLANG_ENABLE_OBJC_ARC = YES;
				CLANG_WARN_BOOL_CONVERSION = YES;
				CLANG_WARN_CONSTANT_CONVERSION = YES;
				CLANG_WARN_DIRECT_OBJC_ISA_USAGE = YES_ERROR;
				CLANG_WARN_EMPTY_BODY = YES;
				CLANG_WARN_ENUM_CONVERSION = YES;
				CLANG_WARN_INT_CONVERSION = YES;
				CLANG_WARN_OBJC_ROOT_CLASS = YES_ERROR;
				CLANG_WARN_UNREACHABLE_CODE = YES;
				CLANG_WARN__DUPLICATE_METHOD_MATCH = YES;
				"CODE_SIGN_IDENTITY[sdk=iphoneos*]" = "iPhone Developer";
				COPY_PHASE_STRIP = NO;
				DEBUG_INFORMATION_FORMAT = "dwarf-with-dsym";
				ENABLE_NS_ASSERTIONS = NO;
				ENABLE_STRICT_OBJC_MSGSEND = YES;
				GCC_C_LANGUAGE_STANDARD = gnu99;
				GCC_NO_COMMON_BLOCKS = YES;
				GCC_WARN_64_TO_32_BIT_CONVERSION = YES;
				GCC_WARN_ABOUT_RETURN_TYPE = YES_ERROR;
				GCC_WARN_UNDECLARED_SELECTOR = YES;
				GCC_WARN_UNINITIALIZED_AUTOS = YES_AGGRESSIVE;
				GCC_WARN_UNUSED_FUNCTION = YES;
				GCC_WARN_UNUSED_VARIABLE = YES;
				IPHONEOS_DEPLOYMENT_TARGET = 8.3;
				MTL_ENABLE_DEBUG_INFO = NO;
				SDKROOT = iphoneos;
				VALIDATE_PRODUCT = YES;
			};
			name = Release;
		};
		3131C7F31B2965C90082359D /* Debug */ = {
			isa = XCBuildConfiguration;
			buildSettings = {
				ASSETCATALOG_COMPILER_APPICON_NAME = AppIcon;
				INFOPLIST_FILE = StoryBoard/Info.plist;
				LD_RUNPATH_SEARCH_PATHS = "$(inherited) @executable_path/Frameworks";
				PRODUCT_NAME = "$(TARGET_NAME)";
			};
			name = Debug;
		};
		3131C7F41B2965C90082359D /* Release */ = {
			isa = XCBuildConfiguration;
			buildSettings = {
				ASSETCATALOG_COMPILER_APPICON_NAME = AppIcon;
				INFOPLIST_FILE = StoryBoard/Info.plist;
				LD_RUNPATH_SEARCH_PATHS = "$(inherited) @executable_path/Frameworks";
				PRODUCT_NAME = "$(TARGET_NAME)";
			};
			name = Release;
		};
		3131C7F61B2965C90082359D /* Debug */ = {
			isa = XCBuildConfiguration;
			buildSettings = {
				BUNDLE_LOADER = "$(TEST_HOST)";
				FRAMEWORK_SEARCH_PATHS = (
					"$(SDKROOT)/Developer/Library/Frameworks",
					"$(inherited)",
				);
				GCC_PREPROCESSOR_DEFINITIONS = (
					"DEBUG=1",
					"$(inherited)",
				);
				INFOPLIST_FILE = StoryBoardTests/Info.plist;
				LD_RUNPATH_SEARCH_PATHS = "$(inherited) @executable_path/Frameworks @loader_path/Frameworks";
				PRODUCT_NAME = "$(TARGET_NAME)";
				TEST_HOST = "$(BUILT_PRODUCTS_DIR)/StoryBoard.app/StoryBoard";
			};
			name = Debug;
		};
		3131C7F71B2965C90082359D /* Release */ = {
			isa = XCBuildConfiguration;
			buildSettings = {
				BUNDLE_LOADER = "$(TEST_HOST)";
				FRAMEWORK_SEARCH_PATHS = (
					"$(SDKROOT)/Developer/Library/Frameworks",
					"$(inherited)",
				);
				INFOPLIST_FILE = StoryBoardTests/Info.plist;
				LD_RUNPATH_SEARCH_PATHS = "$(inherited) @executable_path/Frameworks @loader_path/Frameworks";
				PRODUCT_NAME = "$(TARGET_NAME)";
				TEST_HOST = "$(BUILT_PRODUCTS_DIR)/StoryBoard.app/StoryBoard";
			};
			name = Release;
		};
/* End XCBuildConfiguration section */

/* Begin XCConfigurationList section */
		3131C7CA1B2965C80082359D /* Build configuration list for PBXProject "StoryBoard" */ = {
			isa = XCConfigurationList;
			buildConfigurations = (
				3131C7F01B2965C90082359D /* Debug */,
				3131C7F11B2965C90082359D /* Release */,
			);
			defaultConfigurationIsVisible = 0;
			defaultConfigurationName = Release;
		};
		3131C7F21B2965C90082359D /* Build configuration list for PBXNativeTarget "StoryBoard" */ = {
			isa = XCConfigurationList;
			buildConfigurations = (
				3131C7F31B2965C90082359D /* Debug */,
				3131C7F41B2965C90082359D /* Release */,
			);
			defaultConfigurationIsVisible = 0;
			defaultConfigurationName = Release;
		};
		3131C7F51B2965C90082359D /* Build configuration list for PBXNativeTarget "StoryBoardTests" */ = {
			isa = XCConfigurationList;
			buildConfigurations = (
				3131C7F61B2965C90082359D /* Debug */,
				3131C7F71B2965C90082359D /* Release */,
			);
			defaultConfigurationIsVisible = 0;
			defaultConfigurationName = Release;
		};
/* End XCConfigurationList section */
	};
	rootObject = 3131C7C71B2965C80082359D /* Project object */;
}
